
Microsoft Visual Studio Solution File, Format Version 11.00
# Visual Studio 2010
Project("{FAE04EC0-301F-11D3-BF4B-00C04F79EFBC}") = "test username", "test username\test username.csproj", "{A3840178-457C-453F-8F3E-994943B6315E}"
EndProject
Global
	GlobalSection(SolutionConfigurationPlatforms) = preSolution
		Debug|x86 = Debug|x86
		Release|x86 = Release|x86
	EndGlobalSection
	GlobalSection(ProjectConfigurationPlatforms) = postSolution
		{A3840178-457C-453F-8F3E-994943B6315E}.Debug|x86.ActiveCfg = Debug|x86
		{A3840178-457C-453F-8F3E-994943B6315E}.Debug|x86.Build.0 = Debug|x86
		{A3840178-457C-453F-8F3E-994943B6315E}.Release|x86.ActiveCfg = Release|x86
		{A3840178-457C-453F-8F3E-994943B6315E}.Release|x86.Build.0 = Release|x86
	EndGlobalSection
	GlobalSection(SolutionProperties) = preSolution
		HideSolutionNode = FALSE
	EndGlobalSection
EndGlobal
